Microsoft Visual Studio Solution File, Format Version 12.00
# Visual Studio Version 17
VisualStudioVersion = 17.5.2.0
MinimumVisualStudioVersion = 10.0.40219.1
Project("{FAE04EC0-301F-11D3-BF4B-00C04F79EFBC}") = "quiz-hub-backend", "quiz-hub-backend.csproj", "{A3271679-B894-336E-49AE-DF6ECB0DECD5}"
EndProject
Global
	GlobalSection(SolutionConfigurationPlatforms) = preSolution
		Debug|Any CPU = Debug|Any CPU
		Release|Any CPU = Release|Any CPU
	EndGlobalSection
	GlobalSection(ProjectConfigurationPlatforms) = postSolution
		{A3271679-B894-336E-49AE-DF6ECB0DECD5}.Debug|Any CPU.ActiveCfg = Debug|Any CPU
		{A3271679-B894-336E-49AE-DF6ECB0DECD5}.Debug|Any CPU.Build.0 = Debug|Any CPU
		{A3271679-B894-336E-49AE-DF6ECB0DECD5}.Release|Any CPU.ActiveCfg = Release|Any CPU
		{A3271679-B894-336E-49AE-DF6ECB0DECD5}.Release|Any CPU.Build.0 = Release|Any CPU
	EndGlobalSection
	GlobalSection(SolutionProperties) = preSolution
		HideSolutionNode = FALSE
	EndGlobalSection
	GlobalSection(ExtensibilityGlobals) = postSolution
		SolutionGuid = {26FAC8F3-CE07-4B84-AFE0-9AA61A1C099A}
	EndGlobalSection
EndGlobal
